
Microsoft Visual Studio Solution File, Format Version 12.00
# Visual Studio Version 16
VisualStudioVersion = 16.0.31005.135
MinimumVisualStudioVersion = 10.0.40219.1
Project("{FAE04EC0-301F-11D3-BF4B-00C04F79EFBC}") = "GeometricShapes", "GeometricShapes\GeometricShapes.csproj", "{83E02A6C-26DA-4808-B4CA-92F36C4BCE64}"
EndProject
Global
	GlobalSection(SolutionConfigurationPlatforms) = preSolution
		Debug|Any CPU = Debug|Any CPU
		Release|Any CPU = Release|Any CPU
	EndGlobalSection
	GlobalSection(ProjectConfigurationPlatforms) = postSolution
		{83E02A6C-26DA-4808-B4CA-92F36C4BCE64}.Debug|Any CPU.ActiveCfg = Debug|Any CPU
		{83E02A6C-26DA-4808-B4CA-92F36C4BCE64}.Debug|Any CPU.Build.0 = Debug|Any CPU
		{83E02A6C-26DA-4808-B4CA-92F36C4BCE64}.Release|Any CPU.ActiveCfg = Release|Any CPU
		{83E02A6C-26DA-4808-B4CA-92F36C4BCE64}.Release|Any CPU.Build.0 = Release|Any CPU
	EndGlobalSection
	GlobalSection(SolutionProperties) = preSolution
		HideSolutionNode = FALSE
	EndGlobalSection
	GlobalSection(ExtensibilityGlobals) = postSolution
		SolutionGuid = {90EBBEFD-0D70-42E9-9774-4C988C06855E}
	EndGlobalSection
EndGlobal
