
Microsoft Visual Studio Solution File, Format Version 12.00
# Visual Studio Version 16
VisualStudioVersion = 16.0.31005.135
MinimumVisualStudioVersion = 10.0.40219.1
Project("{FAE04EC0-301F-11D3-BF4B-00C04F79EFBC}") = "HelloWorldProject", "HelloWorldProject\HelloWorldProject.csproj", "{969724A9-5961-49EF-AF7C-F1A67AFB748B}"
EndProject
Global
	GlobalSection(SolutionConfigurationPlatforms) = preSolution
		Debug|Any CPU = Debug|Any CPU
		Release|Any CPU = Release|Any CPU
	EndGlobalSection
	GlobalSection(ProjectConfigurationPlatforms) = postSolution
		{969724A9-5961-49EF-AF7C-F1A67AFB748B}.Debug|Any CPU.ActiveCfg = Debug|Any CPU
		{969724A9-5961-49EF-AF7C-F1A67AFB748B}.Debug|Any CPU.Build.0 = Debug|Any CPU
		{969724A9-5961-49EF-AF7C-F1A67AFB748B}.Release|Any CPU.ActiveCfg = Release|Any CPU
		{969724A9-5961-49EF-AF7C-F1A67AFB748B}.Release|Any CPU.Build.0 = Release|Any CPU
	EndGlobalSection
	GlobalSection(SolutionProperties) = preSolution
		HideSolutionNode = FALSE
	EndGlobalSection
	GlobalSection(ExtensibilityGlobals) = postSolution
		SolutionGuid = {0CDE3D7B-4C35-4143-B57F-F3D4071F2F27}
	EndGlobalSection
EndGlobal
